
Microsoft Visual Studio Solution File, Format Version 12.00
# Visual Studio Version 17
VisualStudioVersion = 17.3.32922.545
MinimumVisualStudioVersion = 10.0.40219.1
Project("{FAE04EC0-301F-11D3-BF4B-00C04F79EFBC}") = "Presentation", "Presentation\Presentation.csproj", "{09DAA950-7E3F-498E-B4EE-59E9356830AB}"
EndProject
Project("{FAE04EC0-301F-11D3-BF4B-00C04F79EFBC}") = "Data Acces", "Data Acces\Data Acces.csproj", "{A7035F8F-FA62-4F51-A13A-8DA67C41A3FC}"
EndProject
Project("{FAE04EC0-301F-11D3-BF4B-00C04F79EFBC}") = "Business", "Business\Business.csproj", "{1267F292-055D-4FC2-BE3D-C31BED072A41}"
EndProject
Global
	GlobalSection(SolutionConfigurationPlatforms) = preSolution
		Debug|Any CPU = Debug|Any CPU
		Release|Any CPU = Release|Any CPU
	EndGlobalSection
	GlobalSection(ProjectConfigurationPlatforms) = postSolution
		{09DAA950-7E3F-498E-B4EE-59E9356830AB}.Debug|Any CPU.ActiveCfg = Debug|Any CPU
		{09DAA950-7E3F-498E-B4EE-59E9356830AB}.Debug|Any CPU.Build.0 = Debug|Any CPU
		{09DAA950-7E3F-498E-B4EE-59E9356830AB}.Release|Any CPU.ActiveCfg = Release|Any CPU
		{09DAA950-7E3F-498E-B4EE-59E9356830AB}.Release|Any CPU.Build.0 = Release|Any CPU
		{A7035F8F-FA62-4F51-A13A-8DA67C41A3FC}.Debug|Any CPU.ActiveCfg = Debug|Any CPU
		{A7035F8F-FA62-4F51-A13A-8DA67C41A3FC}.Debug|Any CPU.Build.0 = Debug|Any CPU
		{A7035F8F-FA62-4F51-A13A-8DA67C41A3FC}.Release|Any CPU.ActiveCfg = Release|Any CPU
		{A7035F8F-FA62-4F51-A13A-8DA67C41A3FC}.Release|Any CPU.Build.0 = Release|Any CPU
		{1267F292-055D-4FC2-BE3D-C31BED072A41}.Debug|Any CPU.ActiveCfg = Debug|Any CPU
		{1267F292-055D-4FC2-BE3D-C31BED072A41}.Debug|Any CPU.Build.0 = Debug|Any CPU
		{1267F292-055D-4FC2-BE3D-C31BED072A41}.Release|Any CPU.ActiveCfg = Release|Any CPU
		{1267F292-055D-4FC2-BE3D-C31BED072A41}.Release|Any CPU.Build.0 = Release|Any CPU
	EndGlobalSection
	GlobalSection(SolutionProperties) = preSolution
		HideSolutionNode = FALSE
	EndGlobalSection
	GlobalSection(ExtensibilityGlobals) = postSolution
		SolutionGuid = {E0573705-96D1-4134-ACE1-4A4CB6CD1BFD}
	EndGlobalSection
EndGlobal
